
Microsoft Visual Studio Solution File, Format Version 12.00
# Visual Studio 15
VisualStudioVersion = 15.0.26430.16
MinimumVisualStudioVersion = 10.0.40219.1
Project("{FAE04EC0-301F-11D3-BF4B-00C04F79EFBC}") = "Information_System", "Information_System\Information_System.csproj", "{5B356CAA-4F1A-4799-B14C-8F536153ECF8}"
EndProject
Global
	GlobalSection(SolutionConfigurationPlatforms) = preSolution
		Debug|Any CPU = Debug|Any CPU
		Release|Any CPU = Release|Any CPU
	EndGlobalSection
	GlobalSection(ProjectConfigurationPlatforms) = postSolution
		{5B356CAA-4F1A-4799-B14C-8F536153ECF8}.Debug|Any CPU.ActiveCfg = Debug|Any CPU
		{5B356CAA-4F1A-4799-B14C-8F536153ECF8}.Debug|Any CPU.Build.0 = Debug|Any CPU
		{5B356CAA-4F1A-4799-B14C-8F536153ECF8}.Release|Any CPU.ActiveCfg = Release|Any CPU
		{5B356CAA-4F1A-4799-B14C-8F536153ECF8}.Release|Any CPU.Build.0 = Release|Any CPU
	EndGlobalSection
	GlobalSection(SolutionProperties) = preSolution
		HideSolutionNode = FALSE
	EndGlobalSection
EndGlobal
